
Microsoft Visual Studio Solution File, Format Version 12.00
# Visual Studio Version 17
VisualStudioVersion = 17.6.33723.286
MinimumVisualStudioVersion = 10.0.40219.1
Project("{9A19103F-16F7-4668-BE54-9A1E7A4F7556}") = "Zoo-Management-Application", "Zoo-Management-Application\Zoo-Management-Application.csproj", "{A394185E-0868-4F36-A6F9-BB6D3AD31AFA}"
EndProject
Project("{9A19103F-16F7-4668-BE54-9A1E7A4F7556}") = "Entities", "Entities\Entities.csproj", "{07880957-15F3-48F8-B203-95CB575C9D7F}"
EndProject
Project("{FAE04EC0-301F-11D3-BF4B-00C04F79EFBC}") = "ServiceContracts", "ServiceContracts\ServiceContracts.csproj", "{03E56A60-CEDF-4F94-AD03-9133444DEC23}"
EndProject
Project("{FAE04EC0-301F-11D3-BF4B-00C04F79EFBC}") = "Services", "Services\Services.csproj", "{C09610B7-F4B5-42E3-B54A-3AB86218FE8E}"
EndProject
Project("{FAE04EC0-301F-11D3-BF4B-00C04F79EFBC}") = "RepositoryContracts", "RepositoryContracts\RepositoryContracts.csproj", "{CBD3DED7-BB4C-4C79-B0BC-35DBEFBB4592}"
EndProject
Project("{FAE04EC0-301F-11D3-BF4B-00C04F79EFBC}") = "Repositories", "Repositories\Repositories.csproj", "{7B2338A9-E8EB-40A9-9780-39BC3B97874E}"
EndProject
Global
	GlobalSection(SolutionConfigurationPlatforms) = preSolution
		Debug|Any CPU = Debug|Any CPU
		Release|Any CPU = Release|Any CPU
	EndGlobalSection
	GlobalSection(ProjectConfigurationPlatforms) = postSolution
		{A394185E-0868-4F36-A6F9-BB6D3AD31AFA}.Debug|Any CPU.ActiveCfg = Debug|Any CPU
		{A394185E-0868-4F36-A6F9-BB6D3AD31AFA}.Debug|Any CPU.Build.0 = Debug|Any CPU
		{A394185E-0868-4F36-A6F9-BB6D3AD31AFA}.Release|Any CPU.ActiveCfg = Release|Any CPU
		{A394185E-0868-4F36-A6F9-BB6D3AD31AFA}.Release|Any CPU.Build.0 = Release|Any CPU
		{07880957-15F3-48F8-B203-95CB575C9D7F}.Debug|Any CPU.ActiveCfg = Debug|Any CPU
		{07880957-15F3-48F8-B203-95CB575C9D7F}.Debug|Any CPU.Build.0 = Debug|Any CPU
		{07880957-15F3-48F8-B203-95CB575C9D7F}.Release|Any CPU.ActiveCfg = Release|Any CPU
		{07880957-15F3-48F8-B203-95CB575C9D7F}.Release|Any CPU.Build.0 = Release|Any CPU
		{03E56A60-CEDF-4F94-AD03-9133444DEC23}.Debug|Any CPU.ActiveCfg = Debug|Any CPU
		{03E56A60-CEDF-4F94-AD03-9133444DEC23}.Debug|Any CPU.Build.0 = Debug|Any CPU
		{03E56A60-CEDF-4F94-AD03-9133444DEC23}.Release|Any CPU.ActiveCfg = Release|Any CPU
		{03E56A60-CEDF-4F94-AD03-9133444DEC23}.Release|Any CPU.Build.0 = Release|Any CPU
		{C09610B7-F4B5-42E3-B54A-3AB86218FE8E}.Debug|Any CPU.ActiveCfg = Debug|Any CPU
		{C09610B7-F4B5-42E3-B54A-3AB86218FE8E}.Debug|Any CPU.Build.0 = Debug|Any CPU
		{C09610B7-F4B5-42E3-B54A-3AB86218FE8E}.Release|Any CPU.ActiveCfg = Release|Any CPU
		{C09610B7-F4B5-42E3-B54A-3AB86218FE8E}.Release|Any CPU.Build.0 = Release|Any CPU
		{CBD3DED7-BB4C-4C79-B0BC-35DBEFBB4592}.Debug|Any CPU.ActiveCfg = Debug|Any CPU
		{CBD3DED7-BB4C-4C79-B0BC-35DBEFBB4592}.Debug|Any CPU.Build.0 = Debug|Any CPU
		{CBD3DED7-BB4C-4C79-B0BC-35DBEFBB4592}.Release|Any CPU.ActiveCfg = Release|Any CPU
		{CBD3DED7-BB4C-4C79-B0BC-35DBEFBB4592}.Release|Any CPU.Build.0 = Release|Any CPU
		{7B2338A9-E8EB-40A9-9780-39BC3B97874E}.Debug|Any CPU.ActiveCfg = Debug|Any CPU
		{7B2338A9-E8EB-40A9-9780-39BC3B97874E}.Debug|Any CPU.Build.0 = Debug|Any CPU
		{7B2338A9-E8EB-40A9-9780-39BC3B97874E}.Release|Any CPU.ActiveCfg = Release|Any CPU
		{7B2338A9-E8EB-40A9-9780-39BC3B97874E}.Release|Any CPU.Build.0 = Release|Any CPU
	EndGlobalSection
	GlobalSection(SolutionProperties) = preSolution
		HideSolutionNode = FALSE
	EndGlobalSection
	GlobalSection(ExtensibilityGlobals) = postSolution
		SolutionGuid = {C3A2BCBC-AEF6-4963-BC4D-182C079BAC58}
	EndGlobalSection
EndGlobal
